
Microsoft Visual Studio Solution File, Format Version 12.00
# Visual Studio Version 16
VisualStudioVersion = 16.0.32126.315
MinimumVisualStudioVersion = 10.0.40219.1
Project("{FAE04EC0-301F-11D3-BF4B-00C04F79EFBC}") = "MatrixTransform", "MatrixTransformation\MatrixTransform.csproj", "{AA6F1217-3F2B-4734-B335-6B4E2653655A}"
EndProject
Project("{9A19103F-16F7-4668-BE54-9A1E7A4F7556}") = "Fractal", "Fractal\Fractal.csproj", "{E5DD6AEA-1A11-4855-807B-43047D8D759D}"
EndProject
Project("{FAE04EC0-301F-11D3-BF4B-00C04F79EFBC}") = "OpenGL2D", "OpenGL2D\OpenGL2D.csproj", "{004899F6-BF25-46BF-8310-95567DF5D0CF}"
EndProject
Project("{FAE04EC0-301F-11D3-BF4B-00C04F79EFBC}") = "OpenGL3D", "OpenGL3D\OpenGL3D.csproj", "{1A84A7CD-5EA8-43E9-9776-4619B286DACC}"
EndProject
Global
	GlobalSection(SolutionConfigurationPlatforms) = preSolution
		Debug|Any CPU = Debug|Any CPU
		Release|Any CPU = Release|Any CPU
	EndGlobalSection
	GlobalSection(ProjectConfigurationPlatforms) = postSolution
		{AA6F1217-3F2B-4734-B335-6B4E2653655A}.Debug|Any CPU.ActiveCfg = Debug|Any CPU
		{AA6F1217-3F2B-4734-B335-6B4E2653655A}.Debug|Any CPU.Build.0 = Debug|Any CPU
		{AA6F1217-3F2B-4734-B335-6B4E2653655A}.Release|Any CPU.ActiveCfg = Release|Any CPU
		{AA6F1217-3F2B-4734-B335-6B4E2653655A}.Release|Any CPU.Build.0 = Release|Any CPU
		{E5DD6AEA-1A11-4855-807B-43047D8D759D}.Debug|Any CPU.ActiveCfg = Debug|Any CPU
		{E5DD6AEA-1A11-4855-807B-43047D8D759D}.Debug|Any CPU.Build.0 = Debug|Any CPU
		{E5DD6AEA-1A11-4855-807B-43047D8D759D}.Release|Any CPU.ActiveCfg = Release|Any CPU
		{E5DD6AEA-1A11-4855-807B-43047D8D759D}.Release|Any CPU.Build.0 = Release|Any CPU
		{004899F6-BF25-46BF-8310-95567DF5D0CF}.Debug|Any CPU.ActiveCfg = Debug|Any CPU
		{004899F6-BF25-46BF-8310-95567DF5D0CF}.Debug|Any CPU.Build.0 = Debug|Any CPU
		{004899F6-BF25-46BF-8310-95567DF5D0CF}.Release|Any CPU.ActiveCfg = Release|Any CPU
		{004899F6-BF25-46BF-8310-95567DF5D0CF}.Release|Any CPU.Build.0 = Release|Any CPU
		{1A84A7CD-5EA8-43E9-9776-4619B286DACC}.Debug|Any CPU.ActiveCfg = Debug|Any CPU
		{1A84A7CD-5EA8-43E9-9776-4619B286DACC}.Debug|Any CPU.Build.0 = Debug|Any CPU
		{1A84A7CD-5EA8-43E9-9776-4619B286DACC}.Release|Any CPU.ActiveCfg = Release|Any CPU
		{1A84A7CD-5EA8-43E9-9776-4619B286DACC}.Release|Any CPU.Build.0 = Release|Any CPU
	EndGlobalSection
	GlobalSection(SolutionProperties) = preSolution
		HideSolutionNode = FALSE
	EndGlobalSection
	GlobalSection(ExtensibilityGlobals) = postSolution
		SolutionGuid = {67EB80AB-6426-4E13-B022-926C48AAE8CF}
	EndGlobalSection
EndGlobal
